
Microsoft Visual Studio Solution File, Format Version 12.00
# Visual Studio Version 17
VisualStudioVersion = 17.14.36414.22
MinimumVisualStudioVersion = 10.0.40219.1
Project("{8BC9CEB8-8B4A-11D0-8D11-00A0C91BC942}") = "2.2.2 LAB Polymorphism part 1", "2.2.2 LAB Polymorphism part 1\2.2.2 LAB Polymorphism part 1.vcxproj", "{EE3855C0-38A9-4EFD-85A2-8414716BB79E}"
EndProject
Project("{8BC9CEB8-8B4A-11D0-8D11-00A0C91BC942}") = "2.2.3 LAB Polymorphism part 2", "2.2.3 LAB Polymorphism part 2\2.2.3 LAB Polymorphism part 2.vcxproj", "{421058E7-3148-4412-9F87-99889C996C01}"
EndProject
Project("{8BC9CEB8-8B4A-11D0-8D11-00A0C91BC942}") = "2.2.4 LAB Polymorphism part 3", "2.2.4 LAB Polymorphism part 3\2.2.4 LAB Polymorphism part 3.vcxproj", "{CB02C367-3FC2-47A0-A132-8904900B02B4}"
EndProject
Project("{8BC9CEB8-8B4A-11D0-8D11-00A0C91BC942}") = "2.3.5 LAB Interfaces and virtual functions part 1", "2.3.5 LAB Interfaces and virtual functions part 1\2.3.5 LAB Interfaces and virtual functions part 1.vcxproj", "{C471898A-7206-4F4A-AAA8-5E21C6D27942}"
EndProject
Project("{8BC9CEB8-8B4A-11D0-8D11-00A0C91BC942}") = "2.3.6 LAB Interfaces and virtual functions part 2", "2.3.6 LAB Interfaces and virtual functions part 2\2.3.6 LAB Interfaces and virtual functions part 2.vcxproj", "{AD7CFF26-55BC-46D2-A8FC-B5A3FFAE594D}"
EndProject
Project("{8BC9CEB8-8B4A-11D0-8D11-00A0C91BC942}") = "2.3.7 LAB Interfaces and virtual functions part 3", "2.3.7 LAB Interfaces and virtual functions part 3\2.3.7 LAB Interfaces and virtual functions part 3.vcxproj", "{88EC080A-1737-4392-B937-50520BEB9340}"
EndProject
Project("{8BC9CEB8-8B4A-11D0-8D11-00A0C91BC942}") = "2.3.8 LAB Your own game", "2.3.8 LAB Your own game\2.3.8 LAB Your own game.vcxproj", "{7C11A702-1FF1-4472-BB37-86DA6E807BE7}"
EndProject
Project("{8BC9CEB8-8B4A-11D0-8D11-00A0C91BC942}") = "2.4.3 LAB Composition part 1", "2.4.3 LAB Composition part 1\2.4.3 LAB Composition part 1.vcxproj", "{9296E635-EEFF-4905-98DD-C0433205791B}"
EndProject
Project("{8BC9CEB8-8B4A-11D0-8D11-00A0C91BC942}") = "2.4.4 LAB Composition part 2", "2.4.4 LAB Composition part 2\2.4.4 LAB Composition part 2.vcxproj", "{3D269905-4B58-4591-9833-6D1D8B42AA4B}"
EndProject
Global
	GlobalSection(SolutionConfigurationPlatforms) = preSolution
		Debug|x64 = Debug|x64
		Debug|x86 = Debug|x86
		Release|x64 = Release|x64
		Release|x86 = Release|x86
	EndGlobalSection
	GlobalSection(ProjectConfigurationPlatforms) = postSolution
		{EE3855C0-38A9-4EFD-85A2-8414716BB79E}.Debug|x64.ActiveCfg = Debug|x64
		{EE3855C0-38A9-4EFD-85A2-8414716BB79E}.Debug|x64.Build.0 = Debug|x64
		{EE3855C0-38A9-4EFD-85A2-8414716BB79E}.Debug|x86.ActiveCfg = Debug|Win32
		{EE3855C0-38A9-4EFD-85A2-8414716BB79E}.Debug|x86.Build.0 = Debug|Win32
		{EE3855C0-38A9-4EFD-85A2-8414716BB79E}.Release|x64.ActiveCfg = Release|x64
		{EE3855C0-38A9-4EFD-85A2-8414716BB79E}.Release|x64.Build.0 = Release|x64
		{EE3855C0-38A9-4EFD-85A2-8414716BB79E}.Release|x86.ActiveCfg = Release|Win32
		{EE3855C0-38A9-4EFD-85A2-8414716BB79E}.Release|x86.Build.0 = Release|Win32
		{421058E7-3148-4412-9F87-99889C996C01}.Debug|x64.ActiveCfg = Debug|x64
		{421058E7-3148-4412-9F87-99889C996C01}.Debug|x64.Build.0 = Debug|x64
		{421058E7-3148-4412-9F87-99889C996C01}.Debug|x86.ActiveCfg = Debug|Win32
		{421058E7-3148-4412-9F87-99889C996C01}.Debug|x86.Build.0 = Debug|Win32
		{421058E7-3148-4412-9F87-99889C996C01}.Release|x64.ActiveCfg = Release|x64
		{421058E7-3148-4412-9F87-99889C996C01}.Release|x64.Build.0 = Release|x64
		{421058E7-3148-4412-9F87-99889C996C01}.Release|x86.ActiveCfg = Release|Win32
		{421058E7-3148-4412-9F87-99889C996C01}.Release|x86.Build.0 = Release|Win32
		{CB02C367-3FC2-47A0-A132-8904900B02B4}.Debug|x64.ActiveCfg = Debug|x64
		{CB02C367-3FC2-47A0-A132-8904900B02B4}.Debug|x64.Build.0 = Debug|x64
		{CB02C367-3FC2-47A0-A132-8904900B02B4}.Debug|x86.ActiveCfg = Debug|Win32
		{CB02C367-3FC2-47A0-A132-8904900B02B4}.Debug|x86.Build.0 = Debug|Win32
		{CB02C367-3FC2-47A0-A132-8904900B02B4}.Release|x64.ActiveCfg = Release|x64
		{CB02C367-3FC2-47A0-A132-8904900B02B4}.Release|x64.Build.0 = Release|x64
		{CB02C367-3FC2-47A0-A132-8904900B02B4}.Release|x86.ActiveCfg = Release|Win32
		{CB02C367-3FC2-47A0-A132-8904900B02B4}.Release|x86.Build.0 = Release|Win32
		{C471898A-7206-4F4A-AAA8-5E21C6D27942}.Debug|x64.ActiveCfg = Debug|x64
		{C471898A-7206-4F4A-AAA8-5E21C6D27942}.Debug|x64.Build.0 = Debug|x64
		{C471898A-7206-4F4A-AAA8-5E21C6D27942}.Debug|x86.ActiveCfg = Debug|Win32
		{C471898A-7206-4F4A-AAA8-5E21C6D27942}.Debug|x86.Build.0 = Debug|Win32
		{C471898A-7206-4F4A-AAA8-5E21C6D27942}.Release|x64.ActiveCfg = Release|x64
		{C471898A-7206-4F4A-AAA8-5E21C6D27942}.Release|x64.Build.0 = Release|x64
		{C471898A-7206-4F4A-AAA8-5E21C6D27942}.Release|x86.ActiveCfg = Release|Win32
		{C471898A-7206-4F4A-AAA8-5E21C6D27942}.Release|x86.Build.0 = Release|Win32
		{AD7CFF26-55BC-46D2-A8FC-B5A3FFAE594D}.Debug|x64.ActiveCfg = Debug|x64
		{AD7CFF26-55BC-46D2-A8FC-B5A3FFAE594D}.Debug|x64.Build.0 = Debug|x64
		{AD7CFF26-55BC-46D2-A8FC-B5A3FFAE594D}.Debug|x86.ActiveCfg = Debug|Win32
		{AD7CFF26-55BC-46D2-A8FC-B5A3FFAE594D}.Debug|x86.Build.0 = Debug|Win32
		{AD7CFF26-55BC-46D2-A8FC-B5A3FFAE594D}.Release|x64.ActiveCfg = Release|x64
		{AD7CFF26-55BC-46D2-A8FC-B5A3FFAE594D}.Release|x64.Build.0 = Release|x64
		{AD7CFF26-55BC-46D2-A8FC-B5A3FFAE594D}.Release|x86.ActiveCfg = Release|Win32
		{AD7CFF26-55BC-46D2-A8FC-B5A3FFAE594D}.Release|x86.Build.0 = Release|Win32
		{88EC080A-1737-4392-B937-50520BEB9340}.Debug|x64.ActiveCfg = Debug|x64
		{88EC080A-1737-4392-B937-50520BEB9340}.Debug|x64.Build.0 = Debug|x64
		{88EC080A-1737-4392-B937-50520BEB9340}.Debug|x86.ActiveCfg = Debug|Win32
		{88EC080A-1737-4392-B937-50520BEB9340}.Debug|x86.Build.0 = Debug|Win32
		{88EC080A-1737-4392-B937-50520BEB9340}.Release|x64.ActiveCfg = Release|x64
		{88EC080A-1737-4392-B937-50520BEB9340}.Release|x64.Build.0 = Release|x64
		{88EC080A-1737-4392-B937-50520BEB9340}.Release|x86.ActiveCfg = Release|Win32
		{88EC080A-1737-4392-B937-50520BEB9340}.Release|x86.Build.0 = Release|Win32
		{7C11A702-1FF1-4472-BB37-86DA6E807BE7}.Debug|x64.ActiveCfg = Debug|x64
		{7C11A702-1FF1-4472-BB37-86DA6E807BE7}.Debug|x64.Build.0 = Debug|x64
		{7C11A702-1FF1-4472-BB37-86DA6E807BE7}.Debug|x86.ActiveCfg = Debug|Win32
		{7C11A702-1FF1-4472-BB37-86DA6E807BE7}.Debug|x86.Build.0 = Debug|Win32
		{7C11A702-1FF1-4472-BB37-86DA6E807BE7}.Release|x64.ActiveCfg = Release|x64
		{7C11A702-1FF1-4472-BB37-86DA6E807BE7}.Release|x64.Build.0 = Release|x64
		{7C11A702-1FF1-4472-BB37-86DA6E807BE7}.Release|x86.ActiveCfg = Release|Win32
		{7C11A702-1FF1-4472-BB37-86DA6E807BE7}.Release|x86.Build.0 = Release|Win32
		{9296E635-EEFF-4905-98DD-C0433205791B}.Debug|x64.ActiveCfg = Debug|x64
		{9296E635-EEFF-4905-98DD-C0433205791B}.Debug|x64.Build.0 = Debug|x64
		{9296E635-EEFF-4905-98DD-C0433205791B}.Debug|x86.ActiveCfg = Debug|Win32
		{9296E635-EEFF-4905-98DD-C0433205791B}.Debug|x86.Build.0 = Debug|Win32
		{9296E635-EEFF-4905-98DD-C0433205791B}.Release|x64.ActiveCfg = Release|x64
		{9296E635-EEFF-4905-98DD-C0433205791B}.Release|x64.Build.0 = Release|x64
		{9296E635-EEFF-4905-98DD-C0433205791B}.Release|x86.ActiveCfg = Release|Win32
		{9296E635-EEFF-4905-98DD-C0433205791B}.Release|x86.Build.0 = Release|Win32
		{3D269905-4B58-4591-9833-6D1D8B42AA4B}.Debug|x64.ActiveCfg = Debug|x64
		{3D269905-4B58-4591-9833-6D1D8B42AA4B}.Debug|x64.Build.0 = Debug|x64
		{3D269905-4B58-4591-9833-6D1D8B42AA4B}.Debug|x86.ActiveCfg = Debug|Win32
		{3D269905-4B58-4591-9833-6D1D8B42AA4B}.Debug|x86.Build.0 = Debug|Win32
		{3D269905-4B58-4591-9833-6D1D8B42AA4B}.Release|x64.ActiveCfg = Release|x64
		{3D269905-4B58-4591-9833-6D1D8B42AA4B}.Release|x64.Build.0 = Release|x64
		{3D269905-4B58-4591-9833-6D1D8B42AA4B}.Release|x86.ActiveCfg = Release|Win32
		{3D269905-4B58-4591-9833-6D1D8B42AA4B}.Release|x86.Build.0 = Release|Win32
	EndGlobalSection
	GlobalSection(SolutionProperties) = preSolution
		HideSolutionNode = FALSE
	EndGlobalSection
	GlobalSection(ExtensibilityGlobals) = postSolution
		SolutionGuid = {E9929C92-0948-46F2-97B8-220CA083FA05}
	EndGlobalSection
EndGlobal
